
Microsoft Visual Studio Solution File, Format Version 12.00
# Visual Studio Version 16
VisualStudioVersion = 16.0.31729.503
MinimumVisualStudioVersion = 10.0.40219.1
Project("{8BC9CEB8-8B4A-11D0-8D11-00A0C91BC942}") = "Fractal_OpenGL", "Fractal_OpenGL.vcxproj", "{F640F465-0823-4B99-9B9F-C5D274C1BAAA}"
EndProject
Global
	GlobalSection(SolutionConfigurationPlatforms) = preSolution
		Debug|x64 = Debug|x64
		Debug|x86 = Debug|x86
		Release|x64 = Release|x64
		Release|x86 = Release|x86
	EndGlobalSection
	GlobalSection(ProjectConfigurationPlatforms) = postSolution
		{F640F465-0823-4B99-9B9F-C5D274C1BAAA}.Debug|x64.ActiveCfg = Debug|x64
		{F640F465-0823-4B99-9B9F-C5D274C1BAAA}.Debug|x64.Build.0 = Debug|x64
		{F640F465-0823-4B99-9B9F-C5D274C1BAAA}.Debug|x86.ActiveCfg = Debug|Win32
		{F640F465-0823-4B99-9B9F-C5D274C1BAAA}.Debug|x86.Build.0 = Debug|Win32
		{F640F465-0823-4B99-9B9F-C5D274C1BAAA}.Release|x64.ActiveCfg = Release|x64
		{F640F465-0823-4B99-9B9F-C5D274C1BAAA}.Release|x64.Build.0 = Release|x64
		{F640F465-0823-4B99-9B9F-C5D274C1BAAA}.Release|x86.ActiveCfg = Release|Win32
		{F640F465-0823-4B99-9B9F-C5D274C1BAAA}.Release|x86.Build.0 = Release|Win32
	EndGlobalSection
	GlobalSection(SolutionProperties) = preSolution
		HideSolutionNode = FALSE
	EndGlobalSection
	GlobalSection(ExtensibilityGlobals) = postSolution
		SolutionGuid = {01D21A00-6BBE-4CBA-8604-CAE1DA1A135E}
	EndGlobalSection
EndGlobal
